
Microsoft Visual Studio Solution File, Format Version 12.00
# Visual Studio Version 16
VisualStudioVersion = 25.0.1706.7
MinimumVisualStudioVersion = 10.0.40219.1
Project("{FAE04EC0-301F-11D3-BF4B-00C04F79EFBC}") = "AccessorLib", "AccessorLib\AccessorLib.csproj", "{98C03392-F819-4A0A-BEE2-B3F59FF3C4DB}"
EndProject
Project("{FAE04EC0-301F-11D3-BF4B-00C04F79EFBC}") = "TestAccessorLib", "TestAccessorLib\TestAccessorLib.csproj", "{D36AE9F8-27DC-4F35-88D9-6BF3462117A6}"
EndProject
Global
	GlobalSection(SolutionConfigurationPlatforms) = preSolution
		Debug|Any CPU = Debug|Any CPU
		Release|Any CPU = Release|Any CPU
	EndGlobalSection
	GlobalSection(ProjectConfigurationPlatforms) = postSolution
		{98C03392-F819-4A0A-BEE2-B3F59FF3C4DB}.Debug|Any CPU.ActiveCfg = Debug|Any CPU
		{98C03392-F819-4A0A-BEE2-B3F59FF3C4DB}.Debug|Any CPU.Build.0 = Debug|Any CPU
		{98C03392-F819-4A0A-BEE2-B3F59FF3C4DB}.Release|Any CPU.ActiveCfg = Release|Any CPU
		{98C03392-F819-4A0A-BEE2-B3F59FF3C4DB}.Release|Any CPU.Build.0 = Release|Any CPU
		{D36AE9F8-27DC-4F35-88D9-6BF3462117A6}.Debug|Any CPU.ActiveCfg = Debug|Any CPU
		{D36AE9F8-27DC-4F35-88D9-6BF3462117A6}.Debug|Any CPU.Build.0 = Debug|Any CPU
		{D36AE9F8-27DC-4F35-88D9-6BF3462117A6}.Release|Any CPU.ActiveCfg = Release|Any CPU
		{D36AE9F8-27DC-4F35-88D9-6BF3462117A6}.Release|Any CPU.Build.0 = Release|Any CPU
	EndGlobalSection
	GlobalSection(SolutionProperties) = preSolution
		HideSolutionNode = FALSE
	EndGlobalSection
	GlobalSection(ExtensibilityGlobals) = postSolution
		SolutionGuid = {3BB669DD-325C-4CB6-B6F1-D8750F615247}
	EndGlobalSection
EndGlobal
